// !$*UTF8*$!
{
	archiveVersion = 1;
	classes = {
	};
	objectVersion = 77;
	objects = {

/* Begin PBXContainerItemProxy section */
		E863FF202EE3B90000E6CCF6 /* PBXContainerItemProxy */ = {
			isa = PBXContainerItemProxy;
			containerPortal = E863FEF52EE3B8FC00E6CCF6 /* Project object */;
			proxyType = 1;
			remoteGlobalIDString = E863FEFC2EE3B8FC00E6CCF6;
			remoteInfo = TravelNurse;
		};
		E863FF302EE3B90100E6CCF6 /* PBXContainerItemProxy */ = {
			isa = PBXContainerItemProxy;
			containerPortal = E863FEF52EE3B8FC00E6CCF6 /* Project object */;
			proxyType = 1;
			remoteGlobalIDString = E863FEFC2EE3B8FC00E6CCF6;
			remoteInfo = TravelNurse;
		};
/* End PBXContainerItemProxy section */

/* Begin PBXFileReference section */
		E863FEFD2EE3B8FC00E6CCF6 /* TravelNurse.app */ = {isa = PBXFileReference; explicitFileType = wrapper.application; includeInIndex = 0; path = TravelNurse.app; sourceTree = BUILT_PRODUCTS_DIR; };
		E863FF1C2EE3B90000E6CCF6 /* TravelNurseTests.xctest */ = {isa = PBXFileReference; explicitFileType = wrapper.cfbundle; includeInIndex = 0; path = TravelNurseTests.xctest; sourceTree = BUILT_PRODUCTS_DIR; };
		E863FF2C2EE3B90100E6CCF6 /* TravelNurseUITests.xctest */ = {isa = PBXFileReference; explicitFileType = wrapper.cfbundle; includeInIndex = 0; path = TravelNurseUITests.xctest; sourceTree = BUILT_PRODUCTS_DIR; };
/* End PBXFileReference section */

/* Begin PBXFileSystemSynchronizedRootGroup section */
		E863FEFF2EE3B8FC00E6CCF6 /* TravelNurse */ = {
			isa = PBXFileSystemSynchronizedRootGroup;
			path = TravelNurse;
			sourceTree = "<group>";
		};
		E863FF1D2EE3B90000E6CCF6 /* TravelNurseTests */ = {
			isa = PBXFileSystemSynchronizedRootGroup;
			path = TravelNurseTests;
			sourceTree = "<group>";
		};
		E863FF2D2EE3B90100E6CCF6 /* TravelNurseUITests */ = {
			isa = PBXFileSystemSynchronizedRootGroup;
			path = TravelNurseUITests;
			sourceTree = "<group>";
		};
/* End PBXFileSystemSynchronizedRootGroup section */

/* Begin PBXFrameworksBuildPhase section */
		E863FEFA2EE3B8FC00E6CCF6 /* Frameworks */ = {
			isa = PBXFrameworksBuildPhase;
			buildActionMask = 2147483647;
			files = (
			);
			runOnlyForDeploymentPostprocessing = 0;
		};
		E863FF192EE3B90000E6CCF6 /* Frameworks */ = {
			isa = PBXFrameworksBuildPhase;
			buildActionMask = 2147483647;
			files = (
			);
			runOnlyForDeploymentPostprocessing = 0;
		};
		E863FF292EE3B90100E6CCF6 /* Frameworks */ = {
			isa = PBXFrameworksBuildPhase;
			buildActionMask = 2147483647;
			files = (
			);
			runOnlyForDeploymentPostprocessing = 0;
		};
/* End PBXFrameworksBuildPhase section */

/* Begin PBXGroup section */
		E863FEF42EE3B8FC00E6CCF6 = {
			isa = PBXGroup;
			children = (
				E863FEFF2EE3B8FC00E6CCF6 /* TravelNurse */,
				E863FF1D2EE3B90000E6CCF6 /* TravelNurseTests */,
				E863FF2D2EE3B90100E6CCF6 /* TravelNurseUITests */,
				E863FEFE2EE3B8FC00E6CCF6 /* Products */,
			);
			sourceTree = "<group>";
		};
		E863FEFE2EE3B8FC00E6CCF6 /* Products */ = {
			isa = PBXGroup;
			children = (
				E863FEFD2EE3B8FC00E6CCF6 /* TravelNurse.app */,
				E863FF1C2EE3B90000E6CCF6 /* TravelNurseTests.xctest */,
				E863FF2C2EE3B90100E6CCF6 /* TravelNurseUITests.xctest */,
			);
			name = Products;
			sourceTree = "<group>";
		};
/* End PBXGroup section */

/* Begin PBXNativeTarget section */
		E863FEFC2EE3B8FC00E6CCF6 /* TravelNurse */ = {
			isa = PBXNativeTarget;
			buildConfigurationList = E863FF082EE3B8FE00E6CCF6 /* Build configuration list for PBXNativeTarget "TravelNurse" */;
			buildPhases = (
				E863FEF92EE3B8FC00E6CCF6 /* Sources */,
				E863FEFA2EE3B8FC00E6CCF6 /* Frameworks */,
				E863FEFB2EE3B8FC00E6CCF6 /* Resources */,
			);
			buildRules = (
			);
			dependencies = (
			);
			fileSystemSynchronizedGroups = (
				E863FEFF2EE3B8FC00E6CCF6 /* TravelNurse */,
			);
			name = TravelNurse;
			packageProductDependencies = (
			);
			productName = TravelNurse;
			productReference = E863FEFD2EE3B8FC00E6CCF6 /* TravelNurse.app */;
			productType = "com.apple.product-type.application";
		};
		E863FF1B2EE3B90000E6CCF6 /* TravelNurseTests */ = {
			isa = PBXNativeTarget;
			buildConfigurationList = E863FF232EE3B90000E6CCF6 /* Build configuration list for PBXNativeTarget "TravelNurseTests" */;
			buildPhases = (
				E863FF182EE3B90000E6CCF6 /* Sources */,
				E863FF192EE3B90000E6CCF6 /* Frameworks */,
				E863FF1A2EE3B90000E6CCF6 /* Resources */,
			);
			buildRules = (
			);
			dependencies = (
				E863FF212EE3B90000E6CCF6 /* PBXTargetDependency */,
			);
			fileSystemSynchronizedGroups = (
				E863FF1D2EE3B90000E6CCF6 /* TravelNurseTests */,
			);
			name = TravelNurseTests;
			packageProductDependencies = (
			);
			productName = TravelNurseTests;
			productReference = E863FF1C2EE3B90000E6CCF6 /* TravelNurseTests.xctest */;
			productType = "com.apple.product-type.bundle.unit-test";
		};
		E863FF2B2EE3B90100E6CCF6 /* TravelNurseUITests */ = {
			isa = PBXNativeTarget;
			buildConfigurationList = E863FF332EE3B90100E6CCF6 /* Build configuration list for PBXNativeTarget "TravelNurseUITests" */;
			buildPhases = (
				E863FF282EE3B90100E6CCF6 /* Sources */,
				E863FF292EE3B90100E6CCF6 /* Frameworks */,
				E863FF2A2EE3B90100E6CCF6 /* Resources */,
			);
			buildRules = (
			);
			dependencies = (
				E863FF312EE3B90100E6CCF6 /* PBXTargetDependency */,
			);
			fileSystemSynchronizedGroups = (
				E863FF2D2EE3B90100E6CCF6 /* TravelNurseUITests */,
			);
			name = TravelNurseUITests;
			packageProductDependencies = (
			);
			productName = TravelNurseUITests;
			productReference = E863FF2C2EE3B90100E6CCF6 /* TravelNurseUITests.xctest */;
			productType = "com.apple.product-type.bundle.ui-testing";
		};
/* End PBXNativeTarget section */

/* Begin PBXProject section */
		E863FEF52EE3B8FC00E6CCF6 /* Project object */ = {
			isa = PBXProject;
			attributes = {
				BuildIndependentTargetsInParallel = 1;
				LastSwiftUpdateCheck = 2610;
				LastUpgradeCheck = 2610;
				TargetAttributes = {
					E863FEFC2EE3B8FC00E6CCF6 = {
						CreatedOnToolsVersion = 26.1.1;
					};
					E863FF1B2EE3B90000E6CCF6 = {
						CreatedOnToolsVersion = 26.1.1;
						TestTargetID = E863FEFC2EE3B8FC00E6CCF6;
					};
					E863FF2B2EE3B90100E6CCF6 = {
						CreatedOnToolsVersion = 26.1.1;
						TestTargetID = E863FEFC2EE3B8FC00E6CCF6;
					};
				};
			};
			buildConfigurationList = E863FEF82EE3B8FC00E6CCF6 /* Build configuration list for PBXProject "TravelNurse" */;
			developmentRegion = en;
			hasScannedForEncodings = 0;
			knownRegions = (
				en,
				Base,
			);
			mainGroup = E863FEF42EE3B8FC00E6CCF6;
			minimizedProjectReferenceProxies = 1;
			preferredProjectObjectVersion = 77;
			productRefGroup = E863FEFE2EE3B8FC00E6CCF6 /* Products */;
			projectDirPath = "";
			projectRoot = "";
			targets = (
				E863FEFC2EE3B8FC00E6CCF6 /* TravelNurse */,
				E863FF1B2EE3B90000E6CCF6 /* TravelNurseTests */,
				E863FF2B2EE3B90100E6CCF6 /* TravelNurseUITests */,
			);
		};
/* End PBXProject section */

/* Begin PBXResourcesBuildPhase section */
		E863FEFB2EE3B8FC00E6CCF6 /* Resources */ = {
			isa = PBXResourcesBuildPhase;
			buildActionMask = 2147483647;
			files = (
			);
			runOnlyForDeploymentPostprocessing = 0;
		};
		E863FF1A2EE3B90000E6CCF6 /* Resources */ = {
			isa = PBXResourcesBuildPhase;
			buildActionMask = 2147483647;
			files = (
			);
			runOnlyForDeploymentPostprocessing = 0;
		};
		E863FF2A2EE3B90100E6CCF6 /* Resources */ = {
			isa = PBXResourcesBuildPhase;
			buildActionMask = 2147483647;
			files = (
			);
			runOnlyForDeploymentPostprocessing = 0;
		};
/* End PBXResourcesBuildPhase section */

/* Begin PBXSourcesBuildPhase section */
		E863FEF92EE3B8FC00E6CCF6 /* Sources */ = {
			isa = PBXSourcesBuildPhase;
			buildActionMask = 2147483647;
			files = (
			);
			runOnlyForDeploymentPostprocessing = 0;
		};
		E863FF182EE3B90000E6CCF6 /* Sources */ = {
			isa = PBXSourcesBuildPhase;
			buildActionMask = 2147483647;
			files = (
			);
			runOnlyForDeploymentPostprocessing = 0;
		};
		E863FF282EE3B90100E6CCF6 /* Sources */ = {
			isa = PBXSourcesBuildPhase;
			buildActionMask = 2147483647;
			files = (
			);
			runOnlyForDeploymentPostprocessing = 0;
		};
/* End PBXSourcesBuildPhase section */

/* Begin PBXTargetDependency section */
		E863FF212EE3B90000E6CCF6 /* PBXTargetDependency */ = {
			isa = PBXTargetDependency;
			target = E863FEFC2EE3B8FC00E6CCF6 /* TravelNurse */;
			targetProxy = E863FF202EE3B90000E6CCF6 /* PBXContainerItemProxy */;
		};
		E863FF312EE3B90100E6CCF6 /* PBXTargetDependency */ = {
			isa = PBXTargetDependency;
			target = E863FEFC2EE3B8FC00E6CCF6 /* TravelNurse */;
			targetProxy = E863FF302EE3B90100E6CCF6 /* PBXContainerItemProxy */;
		};
/* End PBXTargetDependency section */

/* Begin XCBuildConfiguration section */
		E863FF062EE3B8FE00E6CCF6 /* Debug */ = {
			isa = XCBuildConfiguration;
			buildSettings = {
				ALWAYS_SEARCH_USER_PATHS = NO;
				ASSETCATALOG_COMPILER_GENERATE_SWIFT_ASSET_SYMBOL_EXTENSIONS = YES;
				CLANG_ANALYZER_NONNULL = YES;
				CLANG_ANALYZER_NUMBER_OBJECT_CONVERSION = YES_AGGRESSIVE;
				CLANG_CXX_LANGUAGE_STANDARD = "gnu++20";
				CLANG_ENABLE_MODULES = YES;
				CLANG_ENABLE_OBJC_ARC = YES;
				CLANG_ENABLE_OBJC_WEAK = YES;
				CLANG_WARN_BLOCK_CAPTURE_AUTORELEASING = YES;
				CLANG_WARN_BOOL_CONVERSION = YES;
				CLANG_WARN_COMMA = YES;
				CLANG_WARN_CONSTANT_CONVERSION = YES;
				CLANG_WARN_DEPRECATED_OBJC_IMPLEMENTATIONS = YES;
				CLANG_WARN_DIRECT_OBJC_ISA_USAGE = YES_ERROR;
				CLANG_WARN_DOCUMENTATION_COMMENTS = YES;
				CLANG_WARN_EMPTY_BODY = YES;
				CLANG_WARN_ENUM_CONVERSION = YES;
				CLANG_WARN_INFINITE_RECURSION = YES;
				CLANG_WARN_INT_CONVERSION = YES;
				CLANG_WARN_NON_LITERAL_NULL_CONVERSION = YES;
				CLANG_WARN_OBJC_IMPLICIT_RETAIN_SELF = YES;
				CLANG_WARN_OBJC_LITERAL_CONVERSION = YES;
				CLANG_WARN_OBJC_ROOT_CLASS = YES_ERROR;
				CLANG_WARN_QUOTED_INCLUDE_IN_FRAMEWORK_HEADER = YES;
				CLANG_WARN_RANGE_LOOP_ANALYSIS = YES;
				CLANG_WARN_STRICT_PROTOTYPES = YES;
				CLANG_WARN_SUSPICIOUS_MOVE = YES;
				CLANG_WARN_UNGUARDED_AVAILABILITY = YES_AGGRESSIVE;
				CLANG_WARN_UNREACHABLE_CODE = YES;
				CLANG_WARN__DUPLICATE_METHOD_MATCH = YES;
				COPY_PHASE_STRIP = NO;
				DEBUG_INFORMATION_FORMAT = dwarf;
				ENABLE_STRICT_OBJC_MSGSEND = YES;
				ENABLE_TESTABILITY = YES;
				ENABLE_USER_SCRIPT_SANDBOXING = YES;
				GCC_C_LANGUAGE_STANDARD = gnu17;
				GCC_DYNAMIC_NO_PIC = NO;
				GCC_NO_COMMON_BLOCKS = YES;
				GCC_OPTIMIZATION_LEVEL = 0;
				GCC_PREPROCESSOR_DEFINITIONS = (
					"DEBUG=1",
					"$(inherited)",
				);
				GCC_WARN_64_TO_32_BIT_CONVERSION = YES;
				GCC_WARN_ABOUT_RETURN_TYPE = YES_ERROR;
				GCC_WARN_UNDECLARED_SELECTOR = YES;
				GCC_WARN_UNINITIALIZED_AUTOS = YES_AGGRESSIVE;
				GCC_WARN_UNUSED_FUNCTION = YES;
				GCC_WARN_UNUSED_VARIABLE = YES;
				IPHONEOS_DEPLOYMENT_TARGET = 18.0;
				LOCALIZATION_PREFERS_STRING_CATALOGS = YES;
				MTL_ENABLE_DEBUG_INFO = INCLUDE_SOURCE;
				MTL_FAST_MATH = YES;
				ONLY_ACTIVE_ARCH = YES;
				SDKROOT = iphoneos;
				SWIFT_ACTIVE_COMPILATION_CONDITIONS = "DEBUG $(inherited)";
				SWIFT_OPTIMIZATION_LEVEL = "-Onone";
			};
			name = Debug;
		};
		E863FF072EE3B8FE00E6CCF6 /* Release */ = {
			isa = XCBuildConfiguration;
			buildSettings = {
				ALWAYS_SEARCH_USER_PATHS = NO;
				ASSETCATALOG_COMPILER_GENERATE_SWIFT_ASSET_SYMBOL_EXTENSIONS = YES;
				CLANG_ANALYZER_NONNULL = YES;
				CLANG_ANALYZER_NUMBER_OBJECT_CONVERSION = YES_AGGRESSIVE;
				CLANG_CXX_LANGUAGE_STANDARD = "gnu++20";
				CLANG_ENABLE_MODULES = YES;
				CLANG_ENABLE_OBJC_ARC = YES;
				CLANG_ENABLE_OBJC_WEAK = YES;
				CLANG_WARN_BLOCK_CAPTURE_AUTORELEASING = YES;
				CLANG_WARN_BOOL_CONVERSION = YES;
				CLANG_WARN_COMMA = YES;
				CLANG_WARN_CONSTANT_CONVERSION = YES;
				CLANG_WARN_DEPRECATED_OBJC_IMPLEMENTATIONS = YES;
				CLANG_WARN_DIRECT_OBJC_ISA_USAGE = YES_ERROR;
				CLANG_WARN_DOCUMENTATION_COMMENTS = YES;
				CLANG_WARN_EMPTY_BODY = YES;
				CLANG_WARN_ENUM_CONVERSION = YES;
				CLANG_WARN_INFINITE_RECURSION = YES;
				CLANG_WARN_INT_CONVERSION = YES;
				CLANG_WARN_NON_LITERAL_NULL_CONVERSION = YES;
				CLANG_WARN_OBJC_IMPLICIT_RETAIN_SELF = YES;
				CLANG_WARN_OBJC_LITERAL_CONVERSION = YES;
				CLANG_WARN_OBJC_ROOT_CLASS = YES_ERROR;
				CLANG_WARN_QUOTED_INCLUDE_IN_FRAMEWORK_HEADER = YES;
				CLANG_WARN_RANGE_LOOP_ANALYSIS = YES;
				CLANG_WARN_STRICT_PROTOTYPES = YES;
				CLANG_WARN_SUSPICIOUS_MOVE = YES;
				CLANG_WARN_UNGUARDED_AVAILABILITY = YES_AGGRESSIVE;
				CLANG_WARN_UNREACHABLE_CODE = YES;
				CLANG_WARN__DUPLICATE_METHOD_MATCH = YES;
				COPY_PHASE_STRIP = NO;
				DEBUG_INFORMATION_FORMAT = "dwarf-with-dsym";
				ENABLE_NS_ASSERTIONS = NO;
				ENABLE_STRICT_OBJC_MSGSEND = YES;
				ENABLE_USER_SCRIPT_SANDBOXING = YES;
				GCC_C_LANGUAGE_STANDARD = gnu17;
				GCC_NO_COMMON_BLOCKS = YES;
				GCC_WARN_64_TO_32_BIT_CONVERSION = YES;
				GCC_WARN_ABOUT_RETURN_TYPE = YES_ERROR;
				GCC_WARN_UNDECLARED_SELECTOR = YES;
				GCC_WARN_UNINITIALIZED_AUTOS = YES_AGGRESSIVE;
				GCC_WARN_UNUSED_FUNCTION = YES;
				GCC_WARN_UNUSED_VARIABLE = YES;
				IPHONEOS_DEPLOYMENT_TARGET = 18.0;
				LOCALIZATION_PREFERS_STRING_CATALOGS = YES;
				MTL_ENABLE_DEBUG_INFO = NO;
				MTL_FAST_MATH = YES;
				SDKROOT = iphoneos;
				SWIFT_COMPILATION_MODE = wholemodule;
				VALIDATE_PRODUCT = YES;
			};
			name = Release;
		};
		E863FF092EE3B8FE00E6CCF6 /* Debug */ = {
			isa = XCBuildConfiguration;
			buildSettings = {
				ASSETCATALOG_COMPILER_APPICON_NAME = AppIcon;
				ASSETCATALOG_COMPILER_GLOBAL_ACCENT_COLOR_NAME = AccentColor;
				CODE_SIGN_STYLE = Automatic;
				CURRENT_PROJECT_VERSION = 1;
				ENABLE_PREVIEWS = YES;
				GENERATE_INFOPLIST_FILE = YES;
				INFOPLIST_KEY_NSCameraUsageDescription = "TravelNurse uses your camera to scan receipts for expense tracking.";
				INFOPLIST_KEY_NSLocationWhenInUseUsageDescription = "TravelNurse uses your location to track mileage for tax deductions.";
				INFOPLIST_KEY_NSPhotoLibraryUsageDescription = "TravelNurse accesses your photo library to import receipt images.";
				INFOPLIST_KEY_UIApplicationSceneManifest_Generation = YES;
				INFOPLIST_KEY_UIApplicationSupportsIndirectInputEvents = YES;
				INFOPLIST_KEY_UILaunchScreen_Generation = YES;
				INFOPLIST_KEY_UISupportedInterfaceOrientations_iPad = "UIInterfaceOrientationPortrait UIInterfaceOrientationPortraitUpsideDown UIInterfaceOrientationLandscapeLeft UIInterfaceOrientationLandscapeRight";
				INFOPLIST_KEY_UISupportedInterfaceOrientations_iPhone = "UIInterfaceOrientationPortrait UIInterfaceOrientationLandscapeLeft UIInterfaceOrientationLandscapeRight";
				LD_RUNPATH_SEARCH_PATHS = (
					"$(inherited)",
					"@executable_path/Frameworks",
				);
				MARKETING_VERSION = 1.0;
				PRODUCT_BUNDLE_IDENTIFIER = KojCoder.TravelNurse;
				PRODUCT_NAME = "$(TARGET_NAME)";
				STRING_CATALOG_GENERATE_SYMBOLS = YES;
				SWIFT_APPROACHABLE_CONCURRENCY = YES;
				SWIFT_DEFAULT_ACTOR_ISOLATION = MainActor;
				SWIFT_EMIT_LOC_STRINGS = YES;
				SWIFT_UPCOMING_FEATURE_MEMBER_IMPORT_VISIBILITY = YES;
				SWIFT_VERSION = 5.0;
				TARGETED_DEVICE_FAMILY = "1,2";
			};
			name = Debug;
		};
		E863FF0A2EE3B8FE00E6CCF6 /* Release */ = {
			isa = XCBuildConfiguration;
			buildSettings = {
				ASSETCATALOG_COMPILER_APPICON_NAME = AppIcon;
				ASSETCATALOG_COMPILER_GLOBAL_ACCENT_COLOR_NAME = AccentColor;
				CODE_SIGN_STYLE = Automatic;
				CURRENT_PROJECT_VERSION = 1;
				ENABLE_PREVIEWS = YES;
				GENERATE_INFOPLIST_FILE = YES;
				INFOPLIST_KEY_NSCameraUsageDescription = "TravelNurse uses your camera to scan receipts for expense tracking.";
				INFOPLIST_KEY_NSLocationWhenInUseUsageDescription = "TravelNurse uses your location to track mileage for tax deductions.";
				INFOPLIST_KEY_NSPhotoLibraryUsageDescription = "TravelNurse accesses your photo library to import receipt images.";
				INFOPLIST_KEY_UIApplicationSceneManifest_Generation = YES;
				INFOPLIST_KEY_UIApplicationSupportsIndirectInputEvents = YES;
				INFOPLIST_KEY_UILaunchScreen_Generation = YES;
				INFOPLIST_KEY_UISupportedInterfaceOrientations_iPad = "UIInterfaceOrientationPortrait UIInterfaceOrientationPortraitUpsideDown UIInterfaceOrientationLandscapeLeft UIInterfaceOrientationLandscapeRight";
				INFOPLIST_KEY_UISupportedInterfaceOrientations_iPhone = "UIInterfaceOrientationPortrait UIInterfaceOrientationLandscapeLeft UIInterfaceOrientationLandscapeRight";
				LD_RUNPATH_SEARCH_PATHS = (
					"$(inherited)",
					"@executable_path/Frameworks",
				);
				MARKETING_VERSION = 1.0;
				PRODUCT_BUNDLE_IDENTIFIER = KojCoder.TravelNurse;
				PRODUCT_NAME = "$(TARGET_NAME)";
				STRING_CATALOG_GENERATE_SYMBOLS = YES;
				SWIFT_APPROACHABLE_CONCURRENCY = YES;
				SWIFT_DEFAULT_ACTOR_ISOLATION = MainActor;
				SWIFT_EMIT_LOC_STRINGS = YES;
				SWIFT_UPCOMING_FEATURE_MEMBER_IMPORT_VISIBILITY = YES;
				SWIFT_VERSION = 5.0;
				TARGETED_DEVICE_FAMILY = "1,2";
			};
			name = Release;
		};
		E863FF242EE3B90000E6CCF6 /* Debug */ = {
			isa = XCBuildConfiguration;
			buildSettings = {
				BUNDLE_LOADER = "$(TEST_HOST)";
				CODE_SIGN_STYLE = Automatic;
				CURRENT_PROJECT_VERSION = 1;
				GENERATE_INFOPLIST_FILE = YES;
				IPHONEOS_DEPLOYMENT_TARGET = 18.0;
				MARKETING_VERSION = 1.0;
				PRODUCT_BUNDLE_IDENTIFIER = KojCoder.TravelNurseTests;
				PRODUCT_NAME = "$(TARGET_NAME)";
				SWIFT_APPROACHABLE_CONCURRENCY = YES;
				SWIFT_DEFAULT_ACTOR_ISOLATION = MainActor;
				SWIFT_EMIT_LOC_STRINGS = NO;
				SWIFT_UPCOMING_FEATURE_MEMBER_IMPORT_VISIBILITY = YES;
				SWIFT_VERSION = 5.0;
				TARGETED_DEVICE_FAMILY = "1,2";
				TEST_HOST = "$(BUILT_PRODUCTS_DIR)/TravelNurse.app/$(BUNDLE_EXECUTABLE_FOLDER_PATH)/TravelNurse";
			};
			name = Debug;
		};
		E863FF252EE3B90000E6CCF6 /* Release */ = {
			isa = XCBuildConfiguration;
			buildSettings = {
				BUNDLE_LOADER = "$(TEST_HOST)";
				CODE_SIGN_STYLE = Automatic;
				CURRENT_PROJECT_VERSION = 1;
				GENERATE_INFOPLIST_FILE = YES;
				IPHONEOS_DEPLOYMENT_TARGET = 18.0;
				MARKETING_VERSION = 1.0;
				PRODUCT_BUNDLE_IDENTIFIER = KojCoder.TravelNurseTests;
				PRODUCT_NAME = "$(TARGET_NAME)";
				SWIFT_APPROACHABLE_CONCURRENCY = YES;
				SWIFT_DEFAULT_ACTOR_ISOLATION = MainActor;
				SWIFT_EMIT_LOC_STRINGS = NO;
				SWIFT_UPCOMING_FEATURE_MEMBER_IMPORT_VISIBILITY = YES;
				SWIFT_VERSION = 5.0;
				TARGETED_DEVICE_FAMILY = "1,2";
				TEST_HOST = "$(BUILT_PRODUCTS_DIR)/TravelNurse.app/$(BUNDLE_EXECUTABLE_FOLDER_PATH)/TravelNurse";
			};
			name = Release;
		};
		E863FF342EE3B90100E6CCF6 /* Debug */ = {
			isa = XCBuildConfiguration;
			buildSettings = {
				CODE_SIGN_STYLE = Automatic;
				CURRENT_PROJECT_VERSION = 1;
				GENERATE_INFOPLIST_FILE = YES;
				IPHONEOS_DEPLOYMENT_TARGET = 18.0;
				MARKETING_VERSION = 1.0;
				PRODUCT_BUNDLE_IDENTIFIER = KojCoder.TravelNurseUITests;
				PRODUCT_NAME = "$(TARGET_NAME)";
				SWIFT_APPROACHABLE_CONCURRENCY = YES;
				SWIFT_DEFAULT_ACTOR_ISOLATION = MainActor;
				SWIFT_EMIT_LOC_STRINGS = NO;
				SWIFT_UPCOMING_FEATURE_MEMBER_IMPORT_VISIBILITY = YES;
				SWIFT_VERSION = 5.0;
				TARGETED_DEVICE_FAMILY = "1,2";
				TEST_TARGET_NAME = TravelNurse;
			};
			name = Debug;
		};
		E863FF352EE3B90100E6CCF6 /* Release */ = {
			isa = XCBuildConfiguration;
			buildSettings = {
				CODE_SIGN_STYLE = Automatic;
				CURRENT_PROJECT_VERSION = 1;
				GENERATE_INFOPLIST_FILE = YES;
				IPHONEOS_DEPLOYMENT_TARGET = 18.0;
				MARKETING_VERSION = 1.0;
				PRODUCT_BUNDLE_IDENTIFIER = KojCoder.TravelNurseUITests;
				PRODUCT_NAME = "$(TARGET_NAME)";
				SWIFT_APPROACHABLE_CONCURRENCY = YES;
				SWIFT_DEFAULT_ACTOR_ISOLATION = MainActor;
				SWIFT_EMIT_LOC_STRINGS = NO;
				SWIFT_UPCOMING_FEATURE_MEMBER_IMPORT_VISIBILITY = YES;
				SWIFT_VERSION = 5.0;
				TARGETED_DEVICE_FAMILY = "1,2";
				TEST_TARGET_NAME = TravelNurse;
			};
			name = Release;
		};
/* End XCBuildConfiguration section */

/* Begin XCConfigurationList section */
		E863FEF82EE3B8FC00E6CCF6 /* Build configuration list for PBXProject "TravelNurse" */ = {
			isa = XCConfigurationList;
			buildConfigurations = (
				E863FF062EE3B8FE00E6CCF6 /* Debug */,
				E863FF072EE3B8FE00E6CCF6 /* Release */,
			);
			defaultConfigurationIsVisible = 0;
			defaultConfigurationName = Release;
		};
		E863FF082EE3B8FE00E6CCF6 /* Build configuration list for PBXNativeTarget "TravelNurse" */ = {
			isa = XCConfigurationList;
			buildConfigurations = (
				E863FF092EE3B8FE00E6CCF6 /* Debug */,
				E863FF0A2EE3B8FE00E6CCF6 /* Release */,
			);
			defaultConfigurationIsVisible = 0;
			defaultConfigurationName = Release;
		};
		E863FF232EE3B90000E6CCF6 /* Build configuration list for PBXNativeTarget "TravelNurseTests" */ = {
			isa = XCConfigurationList;
			buildConfigurations = (
				E863FF242EE3B90000E6CCF6 /* Debug */,
				E863FF252EE3B90000E6CCF6 /* Release */,
			);
			defaultConfigurationIsVisible = 0;
			defaultConfigurationName = Release;
		};
		E863FF332EE3B90100E6CCF6 /* Build configuration list for PBXNativeTarget "TravelNurseUITests" */ = {
			isa = XCConfigurationList;
			buildConfigurations = (
				E863FF342EE3B90100E6CCF6 /* Debug */,
				E863FF352EE3B90100E6CCF6 /* Release */,
			);
			defaultConfigurationIsVisible = 0;
			defaultConfigurationName = Release;
		};
/* End XCConfigurationList section */
	};
	rootObject = E863FEF52EE3B8FC00E6CCF6 /* Project object */;
}
